
Microsoft Visual Studio Solution File, Format Version 12.00
# Visual Studio Version 17
VisualStudioVersion = 17.11.35327.3
MinimumVisualStudioVersion = 10.0.40219.1
Project("{2150E333-8FDC-42A3-9474-1A3956D46DE8}") = "Task0", "Task0", "{07F56B29-2C35-40E5-AF41-B698E672A7D7}"
EndProject
Project("{FAE04EC0-301F-11D3-BF4B-00C04F79EFBC}") = "Tyuiu.BurdovKS.Sprint4.Task0.V15", "Tyuiu.BurdovKS.Sprint4.Task0.V15\Tyuiu.BurdovKS.Sprint4.Task0.V15.csproj", "{C5DA397D-000D-46E2-9CCE-BA2DC14455F4}"
EndProject
Project("{FAE04EC0-301F-11D3-BF4B-00C04F79EFBC}") = "Tyuiu.BurdovKS.Sprint4.Task0.V15.Lib", "Tyuiu.BurdovKS.Sprint4.Task0.V15.Lib\Tyuiu.BurdovKS.Sprint4.Task0.V15.Lib.csproj", "{B4F6E08A-9E8A-4307-B1F4-F660B76CB733}"
EndProject
Project("{FAE04EC0-301F-11D3-BF4B-00C04F79EFBC}") = "Tyuiu.BurdovKS.Sprint4.Task0.V15.Test", "Tyuiu.BurdovKS.Sprint4.Task0.V15.Test\Tyuiu.BurdovKS.Sprint4.Task0.V15.Test.csproj", "{AE5030AD-4909-411B-96EF-F7F1E51DECC2}"
EndProject
Global
	GlobalSection(SolutionConfigurationPlatforms) = preSolution
		Debug|Any CPU = Debug|Any CPU
		Release|Any CPU = Release|Any CPU
	EndGlobalSection
	GlobalSection(ProjectConfigurationPlatforms) = postSolution
		{C5DA397D-000D-46E2-9CCE-BA2DC14455F4}.Debug|Any CPU.ActiveCfg = Debug|Any CPU
		{C5DA397D-000D-46E2-9CCE-BA2DC14455F4}.Debug|Any CPU.Build.0 = Debug|Any CPU
		{C5DA397D-000D-46E2-9CCE-BA2DC14455F4}.Release|Any CPU.ActiveCfg = Release|Any CPU
		{C5DA397D-000D-46E2-9CCE-BA2DC14455F4}.Release|Any CPU.Build.0 = Release|Any CPU
		{B4F6E08A-9E8A-4307-B1F4-F660B76CB733}.Debug|Any CPU.ActiveCfg = Debug|Any CPU
		{B4F6E08A-9E8A-4307-B1F4-F660B76CB733}.Debug|Any CPU.Build.0 = Debug|Any CPU
		{B4F6E08A-9E8A-4307-B1F4-F660B76CB733}.Release|Any CPU.ActiveCfg = Release|Any CPU
		{B4F6E08A-9E8A-4307-B1F4-F660B76CB733}.Release|Any CPU.Build.0 = Release|Any CPU
		{AE5030AD-4909-411B-96EF-F7F1E51DECC2}.Debug|Any CPU.ActiveCfg = Debug|Any CPU
		{AE5030AD-4909-411B-96EF-F7F1E51DECC2}.Debug|Any CPU.Build.0 = Debug|Any CPU
		{AE5030AD-4909-411B-96EF-F7F1E51DECC2}.Release|Any CPU.ActiveCfg = Release|Any CPU
		{AE5030AD-4909-411B-96EF-F7F1E51DECC2}.Release|Any CPU.Build.0 = Release|Any CPU
	EndGlobalSection
	GlobalSection(SolutionProperties) = preSolution
		HideSolutionNode = FALSE
	EndGlobalSection
	GlobalSection(NestedProjects) = preSolution
		{C5DA397D-000D-46E2-9CCE-BA2DC14455F4} = {07F56B29-2C35-40E5-AF41-B698E672A7D7}
		{B4F6E08A-9E8A-4307-B1F4-F660B76CB733} = {07F56B29-2C35-40E5-AF41-B698E672A7D7}
		{AE5030AD-4909-411B-96EF-F7F1E51DECC2} = {07F56B29-2C35-40E5-AF41-B698E672A7D7}
	EndGlobalSection
	GlobalSection(ExtensibilityGlobals) = postSolution
		SolutionGuid = {0434BC20-AF53-4D3C-8DE3-4332367388A0}
	EndGlobalSection
EndGlobal
