
Microsoft Visual Studio Solution File, Format Version 12.00
# Visual Studio Version 17
VisualStudioVersion = 17.11.35327.3
MinimumVisualStudioVersion = 10.0.40219.1
Project("{2150E333-8FDC-42A3-9474-1A3956D46DE8}") = "Task0", "Task0", "{07F56B29-2C35-40E5-AF41-B698E672A7D7}"
EndProject
Project("{9A19103F-16F7-4668-BE54-9A1E7A4F7556}") = "Tyuiu.BurdovKS.Sprint4.Task0.V15", "Tyuiu.BurdovKS.Sprint4.Task0.V15\Tyuiu.BurdovKS.Sprint4.Task0.V15.csproj", "{C5DA397D-000D-46E2-9CCE-BA2DC14455F4}"
EndProject
Project("{9A19103F-16F7-4668-BE54-9A1E7A4F7556}") = "Tyuiu.BurdovKS.Sprint4.Task0.V15.Lib", "Tyuiu.BurdovKS.Sprint4.Task0.V15.Lib\Tyuiu.BurdovKS.Sprint4.Task0.V15.Lib.csproj", "{B4F6E08A-9E8A-4307-B1F4-F660B76CB733}"
EndProject
Project("{9A19103F-16F7-4668-BE54-9A1E7A4F7556}") = "Tyuiu.BurdovKS.Sprint4.Task0.V15.Test", "Tyuiu.BurdovKS.Sprint4.Task0.V15.Test\Tyuiu.BurdovKS.Sprint4.Task0.V15.Test.csproj", "{AE5030AD-4909-411B-96EF-F7F1E51DECC2}"
EndProject
Project("{2150E333-8FDC-42A3-9474-1A3956D46DE8}") = "Task1", "Task1", "{6ED83C9F-B667-4ECF-8A22-761F5C52972B}"
EndProject
Project("{9A19103F-16F7-4668-BE54-9A1E7A4F7556}") = "Tyuiu.BurdovKS.Sprint4.Task1.V24", "Tyuiu.BurdovKS.Sprint4.Task1.V24\Tyuiu.BurdovKS.Sprint4.Task1.V24.csproj", "{265B8824-776F-4254-83B2-EF85809DDBCA}"
EndProject
Project("{9A19103F-16F7-4668-BE54-9A1E7A4F7556}") = "Tyuiu.BurdovKS.Sprint4.Task1.V24.Lib", "Tyuiu.BurdovKS.Sprint4.Task1.V24.Lib\Tyuiu.BurdovKS.Sprint4.Task1.V24.Lib.csproj", "{D2A6E2B8-A64F-4616-888C-A3E850C48DBC}"
EndProject
Project("{9A19103F-16F7-4668-BE54-9A1E7A4F7556}") = "Tyuiu.BurdovKS.Sprint4.Task1.V24.Test", "Tyuiu.BurdovKS.Sprint4.Task1.V24.Test\Tyuiu.BurdovKS.Sprint4.Task1.V24.Test.csproj", "{47DA6D1D-637A-49F1-8C87-83C3BE9550F1}"
EndProject
Project("{2150E333-8FDC-42A3-9474-1A3956D46DE8}") = "Task2", "Task2", "{894710E4-2820-48C3-AEB9-0D13B7C2B2D7}"
EndProject
Project("{9A19103F-16F7-4668-BE54-9A1E7A4F7556}") = "Tyuiu.BurdovKS.Sprint4.Task2.V30", "Tyuiu.BurdovKS.Sprint4.Task2.V30\Tyuiu.BurdovKS.Sprint4.Task2.V30.csproj", "{6433926F-E576-427C-85F2-219316553A94}"
EndProject
Project("{9A19103F-16F7-4668-BE54-9A1E7A4F7556}") = "Tyuiu.BurdovKS.Sprint4.Task2.V30.Lib", "Tyuiu.BurdovKS.Sprint4.Task2.V30.Lib\Tyuiu.BurdovKS.Sprint4.Task2.V30.Lib.csproj", "{0272C57E-527D-46CF-99B1-B721F6A46836}"
EndProject
Project("{9A19103F-16F7-4668-BE54-9A1E7A4F7556}") = "Tyuiu.BurdovKS.Sprint4.Task2.V30.Test", "Tyuiu.BurdovKS.Sprint4.Task2.V30.Test\Tyuiu.BurdovKS.Sprint4.Task2.V30.Test.csproj", "{9B7502C2-D375-4329-8667-5DA637E076B5}"
EndProject
Project("{2150E333-8FDC-42A3-9474-1A3956D46DE8}") = "Task3", "Task3", "{D246BC4D-18D2-4475-B85A-1BC436C878B9}"
EndProject
Project("{9A19103F-16F7-4668-BE54-9A1E7A4F7556}") = "Tyuiu.BurdovKS.Sprint4.Task3.V20", "Tyuiu.BurdovKS.Sprint4.Task3.V20\Tyuiu.BurdovKS.Sprint4.Task3.V20.csproj", "{A85BAB37-B5B5-47B7-A325-EF1872FFC540}"
EndProject
Project("{9A19103F-16F7-4668-BE54-9A1E7A4F7556}") = "Tyuiu.BurdovKS.Sprint4.Task3.V20.Lib", "Tyuiu.BurdovKS.Sprint4.Task3.V20.Lib\Tyuiu.BurdovKS.Sprint4.Task3.V20.Lib.csproj", "{E87ADCC3-D1F4-46F1-85A1-40070E31BBF2}"
EndProject
Project("{9A19103F-16F7-4668-BE54-9A1E7A4F7556}") = "Tyuiu.BurdovKS.Sprint4.Task3.V20.Test", "Tyuiu.BurdovKS.Sprint4.Task3.V20.Test\Tyuiu.BurdovKS.Sprint4.Task3.V20.Test.csproj", "{51746CFD-AC93-4857-8560-117E048364A5}"
EndProject
Project("{2150E333-8FDC-42A3-9474-1A3956D46DE8}") = "Task4", "Task4", "{1C363DDD-D042-4AA5-8C83-0CA2CBD8C18F}"
EndProject
Project("{9A19103F-16F7-4668-BE54-9A1E7A4F7556}") = "Tyuiu.BurdovKS.Sprint4.Task4.V17", "Tyuiu.BurdovKS.Sprint4.Task4.V17\Tyuiu.BurdovKS.Sprint4.Task4.V17.csproj", "{0194E03C-4402-4D0B-913A-731D02F77F9C}"
EndProject
Project("{9A19103F-16F7-4668-BE54-9A1E7A4F7556}") = "Tyuiu.BurdovKS.Sprint4.Task4.V17.Lib", "Tyuiu.BurdovKS.Sprint4.Task4.V17.Lib\Tyuiu.BurdovKS.Sprint4.Task4.V17.Lib.csproj", "{01F1D5C9-526E-412A-A777-3541A03BCBF0}"
EndProject
Project("{9A19103F-16F7-4668-BE54-9A1E7A4F7556}") = "Tyuiu.BurdovKS.Sprint4.Task4.V17.Test", "Tyuiu.BurdovKS.Sprint4.Task4.V17.Test\Tyuiu.BurdovKS.Sprint4.Task4.V17.Test.csproj", "{153E52FD-1EA1-4940-B066-6623BF2C908B}"
EndProject
Project("{2150E333-8FDC-42A3-9474-1A3956D46DE8}") = "Task5", "Task5", "{82A25677-885A-469D-A636-B8707197328D}"
EndProject
Project("{FAE04EC0-301F-11D3-BF4B-00C04F79EFBC}") = "Tyuiu.BurdovKS.Sprint4.Task5.V8", "Tyuiu.BurdovKS.Sprint4.Task5.V8\Tyuiu.BurdovKS.Sprint4.Task5.V8.csproj", "{D45F339E-0693-445B-9310-2564099F0339}"
EndProject
Project("{FAE04EC0-301F-11D3-BF4B-00C04F79EFBC}") = "Tyuiu.BurdovKS.Sprint4.Task5.V8.Lib", "Tyuiu.BurdovKS.Sprint4.Task5.V8.Lib\Tyuiu.BurdovKS.Sprint4.Task5.V8.Lib.csproj", "{3B6490E0-BC8D-4CD3-8444-C9049C167552}"
EndProject
Project("{FAE04EC0-301F-11D3-BF4B-00C04F79EFBC}") = "Tyuiu.BurdovKS.Sprint4.Task5.V8.Test", "Tyuiu.BurdovKS.Sprint4.Task5.V8.Test\Tyuiu.BurdovKS.Sprint4.Task5.V8.Test.csproj", "{6769C02B-A109-4D9D-BF0D-96B94D20A05C}"
EndProject
Global
	GlobalSection(SolutionConfigurationPlatforms) = preSolution
		Debug|Any CPU = Debug|Any CPU
		Release|Any CPU = Release|Any CPU
	EndGlobalSection
	GlobalSection(ProjectConfigurationPlatforms) = postSolution
		{C5DA397D-000D-46E2-9CCE-BA2DC14455F4}.Debug|Any CPU.ActiveCfg = Debug|Any CPU
		{C5DA397D-000D-46E2-9CCE-BA2DC14455F4}.Debug|Any CPU.Build.0 = Debug|Any CPU
		{C5DA397D-000D-46E2-9CCE-BA2DC14455F4}.Release|Any CPU.ActiveCfg = Release|Any CPU
		{C5DA397D-000D-46E2-9CCE-BA2DC14455F4}.Release|Any CPU.Build.0 = Release|Any CPU
		{B4F6E08A-9E8A-4307-B1F4-F660B76CB733}.Debug|Any CPU.ActiveCfg = Debug|Any CPU
		{B4F6E08A-9E8A-4307-B1F4-F660B76CB733}.Debug|Any CPU.Build.0 = Debug|Any CPU
		{B4F6E08A-9E8A-4307-B1F4-F660B76CB733}.Release|Any CPU.ActiveCfg = Release|Any CPU
		{B4F6E08A-9E8A-4307-B1F4-F660B76CB733}.Release|Any CPU.Build.0 = Release|Any CPU
		{AE5030AD-4909-411B-96EF-F7F1E51DECC2}.Debug|Any CPU.ActiveCfg = Debug|Any CPU
		{AE5030AD-4909-411B-96EF-F7F1E51DECC2}.Debug|Any CPU.Build.0 = Debug|Any CPU
		{AE5030AD-4909-411B-96EF-F7F1E51DECC2}.Release|Any CPU.ActiveCfg = Release|Any CPU
		{AE5030AD-4909-411B-96EF-F7F1E51DECC2}.Release|Any CPU.Build.0 = Release|Any CPU
		{265B8824-776F-4254-83B2-EF85809DDBCA}.Debug|Any CPU.ActiveCfg = Debug|Any CPU
		{265B8824-776F-4254-83B2-EF85809DDBCA}.Debug|Any CPU.Build.0 = Debug|Any CPU
		{265B8824-776F-4254-83B2-EF85809DDBCA}.Release|Any CPU.ActiveCfg = Release|Any CPU
		{265B8824-776F-4254-83B2-EF85809DDBCA}.Release|Any CPU.Build.0 = Release|Any CPU
		{D2A6E2B8-A64F-4616-888C-A3E850C48DBC}.Debug|Any CPU.ActiveCfg = Debug|Any CPU
		{D2A6E2B8-A64F-4616-888C-A3E850C48DBC}.Debug|Any CPU.Build.0 = Debug|Any CPU
		{D2A6E2B8-A64F-4616-888C-A3E850C48DBC}.Release|Any CPU.ActiveCfg = Release|Any CPU
		{D2A6E2B8-A64F-4616-888C-A3E850C48DBC}.Release|Any CPU.Build.0 = Release|Any CPU
		{47DA6D1D-637A-49F1-8C87-83C3BE9550F1}.Debug|Any CPU.ActiveCfg = Debug|Any CPU
		{47DA6D1D-637A-49F1-8C87-83C3BE9550F1}.Debug|Any CPU.Build.0 = Debug|Any CPU
		{47DA6D1D-637A-49F1-8C87-83C3BE9550F1}.Release|Any CPU.ActiveCfg = Release|Any CPU
		{47DA6D1D-637A-49F1-8C87-83C3BE9550F1}.Release|Any CPU.Build.0 = Release|Any CPU
		{6433926F-E576-427C-85F2-219316553A94}.Debug|Any CPU.ActiveCfg = Debug|Any CPU
		{6433926F-E576-427C-85F2-219316553A94}.Debug|Any CPU.Build.0 = Debug|Any CPU
		{6433926F-E576-427C-85F2-219316553A94}.Release|Any CPU.ActiveCfg = Release|Any CPU
		{6433926F-E576-427C-85F2-219316553A94}.Release|Any CPU.Build.0 = Release|Any CPU
		{0272C57E-527D-46CF-99B1-B721F6A46836}.Debug|Any CPU.ActiveCfg = Debug|Any CPU
		{0272C57E-527D-46CF-99B1-B721F6A46836}.Debug|Any CPU.Build.0 = Debug|Any CPU
		{0272C57E-527D-46CF-99B1-B721F6A46836}.Release|Any CPU.ActiveCfg = Release|Any CPU
		{0272C57E-527D-46CF-99B1-B721F6A46836}.Release|Any CPU.Build.0 = Release|Any CPU
		{9B7502C2-D375-4329-8667-5DA637E076B5}.Debug|Any CPU.ActiveCfg = Debug|Any CPU
		{9B7502C2-D375-4329-8667-5DA637E076B5}.Debug|Any CPU.Build.0 = Debug|Any CPU
		{9B7502C2-D375-4329-8667-5DA637E076B5}.Release|Any CPU.ActiveCfg = Release|Any CPU
		{9B7502C2-D375-4329-8667-5DA637E076B5}.Release|Any CPU.Build.0 = Release|Any CPU
		{A85BAB37-B5B5-47B7-A325-EF1872FFC540}.Debug|Any CPU.ActiveCfg = Debug|Any CPU
		{A85BAB37-B5B5-47B7-A325-EF1872FFC540}.Debug|Any CPU.Build.0 = Debug|Any CPU
		{A85BAB37-B5B5-47B7-A325-EF1872FFC540}.Release|Any CPU.ActiveCfg = Release|Any CPU
		{A85BAB37-B5B5-47B7-A325-EF1872FFC540}.Release|Any CPU.Build.0 = Release|Any CPU
		{E87ADCC3-D1F4-46F1-85A1-40070E31BBF2}.Debug|Any CPU.ActiveCfg = Debug|Any CPU
		{E87ADCC3-D1F4-46F1-85A1-40070E31BBF2}.Debug|Any CPU.Build.0 = Debug|Any CPU
		{E87ADCC3-D1F4-46F1-85A1-40070E31BBF2}.Release|Any CPU.ActiveCfg = Release|Any CPU
		{E87ADCC3-D1F4-46F1-85A1-40070E31BBF2}.Release|Any CPU.Build.0 = Release|Any CPU
		{51746CFD-AC93-4857-8560-117E048364A5}.Debug|Any CPU.ActiveCfg = Debug|Any CPU
		{51746CFD-AC93-4857-8560-117E048364A5}.Debug|Any CPU.Build.0 = Debug|Any CPU
		{51746CFD-AC93-4857-8560-117E048364A5}.Release|Any CPU.ActiveCfg = Release|Any CPU
		{51746CFD-AC93-4857-8560-117E048364A5}.Release|Any CPU.Build.0 = Release|Any CPU
		{0194E03C-4402-4D0B-913A-731D02F77F9C}.Debug|Any CPU.ActiveCfg = Debug|Any CPU
		{0194E03C-4402-4D0B-913A-731D02F77F9C}.Debug|Any CPU.Build.0 = Debug|Any CPU
		{0194E03C-4402-4D0B-913A-731D02F77F9C}.Release|Any CPU.ActiveCfg = Release|Any CPU
		{0194E03C-4402-4D0B-913A-731D02F77F9C}.Release|Any CPU.Build.0 = Release|Any CPU
		{01F1D5C9-526E-412A-A777-3541A03BCBF0}.Debug|Any CPU.ActiveCfg = Debug|Any CPU
		{01F1D5C9-526E-412A-A777-3541A03BCBF0}.Debug|Any CPU.Build.0 = Debug|Any CPU
		{01F1D5C9-526E-412A-A777-3541A03BCBF0}.Release|Any CPU.ActiveCfg = Release|Any CPU
		{01F1D5C9-526E-412A-A777-3541A03BCBF0}.Release|Any CPU.Build.0 = Release|Any CPU
		{153E52FD-1EA1-4940-B066-6623BF2C908B}.Debug|Any CPU.ActiveCfg = Debug|Any CPU
		{153E52FD-1EA1-4940-B066-6623BF2C908B}.Debug|Any CPU.Build.0 = Debug|Any CPU
		{153E52FD-1EA1-4940-B066-6623BF2C908B}.Release|Any CPU.ActiveCfg = Release|Any CPU
		{153E52FD-1EA1-4940-B066-6623BF2C908B}.Release|Any CPU.Build.0 = Release|Any CPU
		{D45F339E-0693-445B-9310-2564099F0339}.Debug|Any CPU.ActiveCfg = Debug|Any CPU
		{D45F339E-0693-445B-9310-2564099F0339}.Debug|Any CPU.Build.0 = Debug|Any CPU
		{D45F339E-0693-445B-9310-2564099F0339}.Release|Any CPU.ActiveCfg = Release|Any CPU
		{D45F339E-0693-445B-9310-2564099F0339}.Release|Any CPU.Build.0 = Release|Any CPU
		{3B6490E0-BC8D-4CD3-8444-C9049C167552}.Debug|Any CPU.ActiveCfg = Debug|Any CPU
		{3B6490E0-BC8D-4CD3-8444-C9049C167552}.Debug|Any CPU.Build.0 = Debug|Any CPU
		{3B6490E0-BC8D-4CD3-8444-C9049C167552}.Release|Any CPU.ActiveCfg = Release|Any CPU
		{3B6490E0-BC8D-4CD3-8444-C9049C167552}.Release|Any CPU.Build.0 = Release|Any CPU
		{6769C02B-A109-4D9D-BF0D-96B94D20A05C}.Debug|Any CPU.ActiveCfg = Debug|Any CPU
		{6769C02B-A109-4D9D-BF0D-96B94D20A05C}.Debug|Any CPU.Build.0 = Debug|Any CPU
		{6769C02B-A109-4D9D-BF0D-96B94D20A05C}.Release|Any CPU.ActiveCfg = Release|Any CPU
		{6769C02B-A109-4D9D-BF0D-96B94D20A05C}.Release|Any CPU.Build.0 = Release|Any CPU
	EndGlobalSection
	GlobalSection(SolutionProperties) = preSolution
		HideSolutionNode = FALSE
	EndGlobalSection
	GlobalSection(NestedProjects) = preSolution
		{C5DA397D-000D-46E2-9CCE-BA2DC14455F4} = {07F56B29-2C35-40E5-AF41-B698E672A7D7}
		{B4F6E08A-9E8A-4307-B1F4-F660B76CB733} = {07F56B29-2C35-40E5-AF41-B698E672A7D7}
		{AE5030AD-4909-411B-96EF-F7F1E51DECC2} = {07F56B29-2C35-40E5-AF41-B698E672A7D7}
		{265B8824-776F-4254-83B2-EF85809DDBCA} = {6ED83C9F-B667-4ECF-8A22-761F5C52972B}
		{D2A6E2B8-A64F-4616-888C-A3E850C48DBC} = {6ED83C9F-B667-4ECF-8A22-761F5C52972B}
		{47DA6D1D-637A-49F1-8C87-83C3BE9550F1} = {6ED83C9F-B667-4ECF-8A22-761F5C52972B}
		{6433926F-E576-427C-85F2-219316553A94} = {894710E4-2820-48C3-AEB9-0D13B7C2B2D7}
		{0272C57E-527D-46CF-99B1-B721F6A46836} = {894710E4-2820-48C3-AEB9-0D13B7C2B2D7}
		{9B7502C2-D375-4329-8667-5DA637E076B5} = {894710E4-2820-48C3-AEB9-0D13B7C2B2D7}
		{A85BAB37-B5B5-47B7-A325-EF1872FFC540} = {D246BC4D-18D2-4475-B85A-1BC436C878B9}
		{E87ADCC3-D1F4-46F1-85A1-40070E31BBF2} = {D246BC4D-18D2-4475-B85A-1BC436C878B9}
		{51746CFD-AC93-4857-8560-117E048364A5} = {D246BC4D-18D2-4475-B85A-1BC436C878B9}
		{0194E03C-4402-4D0B-913A-731D02F77F9C} = {1C363DDD-D042-4AA5-8C83-0CA2CBD8C18F}
		{01F1D5C9-526E-412A-A777-3541A03BCBF0} = {1C363DDD-D042-4AA5-8C83-0CA2CBD8C18F}
		{153E52FD-1EA1-4940-B066-6623BF2C908B} = {1C363DDD-D042-4AA5-8C83-0CA2CBD8C18F}
		{D45F339E-0693-445B-9310-2564099F0339} = {82A25677-885A-469D-A636-B8707197328D}
		{3B6490E0-BC8D-4CD3-8444-C9049C167552} = {82A25677-885A-469D-A636-B8707197328D}
		{6769C02B-A109-4D9D-BF0D-96B94D20A05C} = {82A25677-885A-469D-A636-B8707197328D}
	EndGlobalSection
	GlobalSection(ExtensibilityGlobals) = postSolution
		SolutionGuid = {0434BC20-AF53-4D3C-8DE3-4332367388A0}
	EndGlobalSection
EndGlobal
